
Microsoft Visual Studio Solution File, Format Version 12.00
# Visual Studio Version 17
VisualStudioVersion = 17.10.35013.160
MinimumVisualStudioVersion = 10.0.40219.1
Project("{FAE04EC0-301F-11D3-BF4B-00C04F79EFBC}") = "Foodie.Web", "Foodie.Web\Foodie.Web.csproj", "{030318B0-F39E-4926-9869-BBC83946D2F6}"
EndProject
Global
	GlobalSection(SolutionConfigurationPlatforms) = preSolution
		Debug|Any CPU = Debug|Any CPU
		Release|Any CPU = Release|Any CPU
	EndGlobalSection
	GlobalSection(ProjectConfigurationPlatforms) = postSolution
		{030318B0-F39E-4926-9869-BBC83946D2F6}.Debug|Any CPU.ActiveCfg = Debug|Any CPU
		{030318B0-F39E-4926-9869-BBC83946D2F6}.Debug|Any CPU.Build.0 = Debug|Any CPU
		{030318B0-F39E-4926-9869-BBC83946D2F6}.Release|Any CPU.ActiveCfg = Release|Any CPU
		{030318B0-F39E-4926-9869-BBC83946D2F6}.Release|Any CPU.Build.0 = Release|Any CPU
	EndGlobalSection
	GlobalSection(SolutionProperties) = preSolution
		HideSolutionNode = FALSE
	EndGlobalSection
	GlobalSection(ExtensibilityGlobals) = postSolution
		SolutionGuid = {7B4FA1B3-14EB-4A59-AFF5-4F208883C551}
	EndGlobalSection
EndGlobal
